
Microsoft Visual Studio Solution File, Format Version 12.00
# Visual Studio Version 16
VisualStudioVersion = 16.0.30717.126
MinimumVisualStudioVersion = 10.0.40219.1
Project("{FAE04EC0-301F-11D3-BF4B-00C04F79EFBC}") = "Day04TempConverter", "Day04TempConverter.csproj", "{E0820E3F-3F4F-4D1C-A286-F39D3AC88B2E}"
EndProject
Global
	GlobalSection(SolutionConfigurationPlatforms) = preSolution
		Debug|Any CPU = Debug|Any CPU
		Release|Any CPU = Release|Any CPU
	EndGlobalSection
	GlobalSection(ProjectConfigurationPlatforms) = postSolution
		{E0820E3F-3F4F-4D1C-A286-F39D3AC88B2E}.Debug|Any CPU.ActiveCfg = Debug|Any CPU
		{E0820E3F-3F4F-4D1C-A286-F39D3AC88B2E}.Debug|Any CPU.Build.0 = Debug|Any CPU
		{E0820E3F-3F4F-4D1C-A286-F39D3AC88B2E}.Release|Any CPU.ActiveCfg = Release|Any CPU
		{E0820E3F-3F4F-4D1C-A286-F39D3AC88B2E}.Release|Any CPU.Build.0 = Release|Any CPU
	EndGlobalSection
	GlobalSection(SolutionProperties) = preSolution
		HideSolutionNode = FALSE
	EndGlobalSection
	GlobalSection(ExtensibilityGlobals) = postSolution
		SolutionGuid = {64CB54BE-DDA5-43A4-9048-9A6BCDFB8CBB}
	EndGlobalSection
EndGlobal
