
Microsoft Visual Studio Solution File, Format Version 12.00
# Visual Studio Version 16
VisualStudioVersion = 16.0.30717.126
MinimumVisualStudioVersion = 10.0.40219.1
Project("{FAE04EC0-301F-11D3-BF4B-00C04F79EFBC}") = "Day01Cone", "Day01Cone.csproj", "{371F933F-90C1-4BD5-87E1-B09F7D2299A3}"
EndProject
Global
	GlobalSection(SolutionConfigurationPlatforms) = preSolution
		Debug|Any CPU = Debug|Any CPU
		Release|Any CPU = Release|Any CPU
	EndGlobalSection
	GlobalSection(ProjectConfigurationPlatforms) = postSolution
		{371F933F-90C1-4BD5-87E1-B09F7D2299A3}.Debug|Any CPU.ActiveCfg = Debug|Any CPU
		{371F933F-90C1-4BD5-87E1-B09F7D2299A3}.Debug|Any CPU.Build.0 = Debug|Any CPU
		{371F933F-90C1-4BD5-87E1-B09F7D2299A3}.Release|Any CPU.ActiveCfg = Release|Any CPU
		{371F933F-90C1-4BD5-87E1-B09F7D2299A3}.Release|Any CPU.Build.0 = Release|Any CPU
	EndGlobalSection
	GlobalSection(SolutionProperties) = preSolution
		HideSolutionNode = FALSE
	EndGlobalSection
	GlobalSection(ExtensibilityGlobals) = postSolution
		SolutionGuid = {B761C321-D547-4CE4-93B3-DE19C9E6F93E}
	EndGlobalSection
EndGlobal
