
Microsoft Visual Studio Solution File, Format Version 12.00
# Visual Studio Version 16
VisualStudioVersion = 16.0.30717.126
MinimumVisualStudioVersion = 10.0.40219.1
Project("{FAE04EC0-301F-11D3-BF4B-00C04F79EFBC}") = "Quiz5SuperMix", "Quiz5SuperMix.csproj", "{CABF3532-FCDE-423A-BEDB-99BD287E5B36}"
EndProject
Project("{FAE04EC0-301F-11D3-BF4B-00C04F79EFBC}") = "UnitTests", "..\UnitTests\UnitTests.csproj", "{76C9A8F8-7FF9-4B4B-B985-66ED40F7AC6C}"
EndProject
Global
	GlobalSection(SolutionConfigurationPlatforms) = preSolution
		Debug|Any CPU = Debug|Any CPU
		Release|Any CPU = Release|Any CPU
	EndGlobalSection
	GlobalSection(ProjectConfigurationPlatforms) = postSolution
		{CABF3532-FCDE-423A-BEDB-99BD287E5B36}.Debug|Any CPU.ActiveCfg = Debug|Any CPU
		{CABF3532-FCDE-423A-BEDB-99BD287E5B36}.Debug|Any CPU.Build.0 = Debug|Any CPU
		{CABF3532-FCDE-423A-BEDB-99BD287E5B36}.Release|Any CPU.ActiveCfg = Release|Any CPU
		{CABF3532-FCDE-423A-BEDB-99BD287E5B36}.Release|Any CPU.Build.0 = Release|Any CPU
		{76C9A8F8-7FF9-4B4B-B985-66ED40F7AC6C}.Debug|Any CPU.ActiveCfg = Debug|Any CPU
		{76C9A8F8-7FF9-4B4B-B985-66ED40F7AC6C}.Debug|Any CPU.Build.0 = Debug|Any CPU
		{76C9A8F8-7FF9-4B4B-B985-66ED40F7AC6C}.Release|Any CPU.ActiveCfg = Release|Any CPU
		{76C9A8F8-7FF9-4B4B-B985-66ED40F7AC6C}.Release|Any CPU.Build.0 = Release|Any CPU
	EndGlobalSection
	GlobalSection(SolutionProperties) = preSolution
		HideSolutionNode = FALSE
	EndGlobalSection
	GlobalSection(ExtensibilityGlobals) = postSolution
		SolutionGuid = {7219944E-3A9A-429C-9E5E-B58D4048CACA}
	EndGlobalSection
EndGlobal
